PODS:
  - Kingfisher (4.6.3)
  - RxCocoa (4.1.2):
    - RxSwift (~> 4.0)
  - RxSwift (4.1.2)
  - SwiftGen (5.2.1)
  - SwiftLint (0.25.0)

DEPENDENCIES:
  - Kingfisher (~> 4.0)
  - RxCocoa (~> 4.0)
  - RxSwift (~> 4.0)
  - SwiftGen
  - SwiftLint

SPEC CHECKSUMS:
  Kingfisher: 98e6d5b5e807645743e8ed5ececd25d688d38452
  RxCocoa: d88ba0f1f6abf040011a9eb4b539324fc426843a
  RxSwift: e49536837d9901277638493ea537394d4b55f570
  SwiftGen: 444b4c467e512a4812b8a800d731643fd265139e
  SwiftLint: e14651157288e9e01d6e1a71db7014fb5744a8ea

PODFILE CHECKSUM: 6101278964551de616a89a200e1e2ebac3d7b7e1

COCOAPODS: 1.4.0
