// !$*UTF8*$!
{
	archiveVersion = 1;
	classes = {
	};
	objectVersion = 50;
	objects = {

/* Begin PBXBuildFile section */
		22F63F322080E30800482413 /* AppDelegate.swift in Sources */ = {isa = PBXBuildFile; fileRef = 22F63F312080E30800482413 /* AppDelegate.swift */; };
		22F63F392080E30B00482413 /* Assets.xcassets in Resources */ = {isa = PBXBuildFile; fileRef = 22F63F382080E30B00482413 /* Assets.xcassets */; };
		22F63F3C2080E30B00482413 /* LaunchScreen.storyboard in Resources */ = {isa = PBXBuildFile; fileRef = 22F63F3A2080E30B00482413 /* LaunchScreen.storyboard */; };
		22F63F522080E30B00482413 /* TouchSurgeryTechTestUITests.swift in Sources */ = {isa = PBXBuildFile; fileRef = 22F63F512080E30B00482413 /* TouchSurgeryTechTestUITests.swift */; };
		22F63F622080E49E00482413 /* AppCoordinator.swift in Sources */ = {isa = PBXBuildFile; fileRef = 22F63F612080E49E00482413 /* AppCoordinator.swift */; };
		22F63F652080E61D00482413 /* AppCoordinatorTests.swift in Sources */ = {isa = PBXBuildFile; fileRef = 22F63F642080E61D00482413 /* AppCoordinatorTests.swift */; };
		22F63F6A2080E75600482413 /* BaseViewController.swift in Sources */ = {isa = PBXBuildFile; fileRef = 22F63F692080E75600482413 /* BaseViewController.swift */; };
		22F63F6C2080E77A00482413 /* ProcedureListTableViewController.swift in Sources */ = {isa = PBXBuildFile; fileRef = 22F63F6B2080E77A00482413 /* ProcedureListTableViewController.swift */; };
		22F63F6E2080E7D800482413 /* ProcedureTableViewCell.swift in Sources */ = {isa = PBXBuildFile; fileRef = 22F63F6D2080E7D800482413 /* ProcedureTableViewCell.swift */; };
		22F63F712080E81300482413 /* ReusableElement.swift in Sources */ = {isa = PBXBuildFile; fileRef = 22F63F702080E81300482413 /* ReusableElement.swift */; };
		22F63F742080E8BB00482413 /* ReusableElementTests.swift in Sources */ = {isa = PBXBuildFile; fileRef = 22F63F732080E8BB00482413 /* ReusableElementTests.swift */; };
		22F63F762080EB1000482413 /* ProcedureListViewModel.swift in Sources */ = {isa = PBXBuildFile; fileRef = 22F63F752080EB1000482413 /* ProcedureListViewModel.swift */; };
		22F63F7A2080EB9D00482413 /* ProcedureListViewModelTests.swift in Sources */ = {isa = PBXBuildFile; fileRef = 22F63F792080EB9D00482413 /* ProcedureListViewModelTests.swift */; };
		22F63F7C2080EE2B00482413 /* UIColor+Styling.swift in Sources */ = {isa = PBXBuildFile; fileRef = 22F63F7B2080EE2B00482413 /* UIColor+Styling.swift */; };
		22F63F7E2080F12D00482413 /* UIFont+Styling.swift in Sources */ = {isa = PBXBuildFile; fileRef = 22F63F7D2080F12D00482413 /* UIFont+Styling.swift */; };
		22F63F812080F1FC00482413 /* Procedure.swift in Sources */ = {isa = PBXBuildFile; fileRef = 22F63F802080F1FC00482413 /* Procedure.swift */; };
		22F63F842080F2F600482413 /* ProcedureTests.swift in Sources */ = {isa = PBXBuildFile; fileRef = 22F63F832080F2F600482413 /* ProcedureTests.swift */; };
		22F63F872080F32A00482413 /* TestHelpers.swift in Sources */ = {isa = PBXBuildFile; fileRef = 22F63F862080F32A00482413 /* TestHelpers.swift */; };
		22F63F8A2080F34800482413 /* single_procedure.json in Resources */ = {isa = PBXBuildFile; fileRef = 22F63F892080F34800482413 /* single_procedure.json */; };
		22F63F8C2080F4A300482413 /* procedure_list.json in Resources */ = {isa = PBXBuildFile; fileRef = 22F63F8B2080F4A300482413 /* procedure_list.json */; };
		22F63F8F2080F50E00482413 /* DataProvider.swift in Sources */ = {isa = PBXBuildFile; fileRef = 22F63F8E2080F50E00482413 /* DataProvider.swift */; };
		22F63F912080F59600482413 /* URL+Creation.swift in Sources */ = {isa = PBXBuildFile; fileRef = 22F63F902080F59600482413 /* URL+Creation.swift */; };
		22F63F942080F66700482413 /* URL+CreationTests.swift in Sources */ = {isa = PBXBuildFile; fileRef = 22F63F932080F66700482413 /* URL+CreationTests.swift */; };
		22F63F962080F88500482413 /* Observable+Conversion.swift in Sources */ = {isa = PBXBuildFile; fileRef = 22F63F952080F88500482413 /* Observable+Conversion.swift */; };
		22F63F982080FA1000482413 /* StubDataProvider.swift in Sources */ = {isa = PBXBuildFile; fileRef = 22F63F972080FA1000482413 /* StubDataProvider.swift */; };
		A93BBDECC03FAA2AB68D9BA8 /* Pods_TouchSurgeryTechTest.framework in Frameworks */ = {isa = PBXBuildFile; fileRef = 41561EC9A1C301F8DEA647BF /* Pods_TouchSurgeryTechTest.framework */; };
		D54D5B6FEF29ED4D2394EDAC /* Pods_TouchSurgeryTechTestTests.framework in Frameworks */ = {isa = PBXBuildFile; fileRef = E155F662E31E9024D8188937 /* Pods_TouchSurgeryTechTestTests.framework */; };
		DDE368692A73B41F8CB0816C /* Pods_TouchSurgeryTechTestUITests.framework in Frameworks */ = {isa = PBXBuildFile; fileRef = 7859889F46218E8B1D01FBD2 /* Pods_TouchSurgeryTechTestUITests.framework */; };
/* End PBXBuildFile section */

/* Begin PBXContainerItemProxy section */
		22F63F432080E30B00482413 /* PBXContainerItemProxy */ = {
			isa = PBXContainerItemProxy;
			containerPortal = 22F63F262080E30800482413 /* Project object */;
			proxyType = 1;
			remoteGlobalIDString = 22F63F2D2080E30800482413;
			remoteInfo = TouchSurgeryTechTest;
		};
		22F63F4E2080E30B00482413 /* PBXContainerItemProxy */ = {
			isa = PBXContainerItemProxy;
			containerPortal = 22F63F262080E30800482413 /* Project object */;
			proxyType = 1;
			remoteGlobalIDString = 22F63F2D2080E30800482413;
			remoteInfo = TouchSurgeryTechTest;
		};
/* End PBXContainerItemProxy section */

/* Begin PBXFileReference section */
		104F6ECC85C3F7C77640687C /* Pods-TouchSurgeryTechTestTests.release.xcconfig */ = {isa = PBXFileReference; includeInIndex = 1; lastKnownFileType = text.xcconfig; name = "Pods-TouchSurgeryTechTestTests.release.xcconfig"; path = "Pods/Target Support Files/Pods-TouchSurgeryTechTestTests/Pods-TouchSurgeryTechTestTests.release.xcconfig"; sourceTree = "<group>"; };
		163140727408B1A503B6BC2C /* Pods-TouchSurgeryTechTest.release.xcconfig */ = {isa = PBXFileReference; includeInIndex = 1; lastKnownFileType = text.xcconfig; name = "Pods-TouchSurgeryTechTest.release.xcconfig"; path = "Pods/Target Support Files/Pods-TouchSurgeryTechTest/Pods-TouchSurgeryTechTest.release.xcconfig"; sourceTree = "<group>"; };
		22F63F2E2080E30800482413 /* TouchSurgeryTechTest.app */ = {isa = PBXFileReference; explicitFileType = wrapper.application; includeInIndex = 0; path = TouchSurgeryTechTest.app; sourceTree = BUILT_PRODUCTS_DIR; };
		22F63F312080E30800482413 /* AppDelegate.swift */ = {isa = PBXFileReference; lastKnownFileType = sourcecode.swift; path = AppDelegate.swift; sourceTree = "<group>"; };
		22F63F382080E30B00482413 /* Assets.xcassets */ = {isa = PBXFileReference; lastKnownFileType = folder.assetcatalog; path = Assets.xcassets; sourceTree = "<group>"; };
		22F63F3B2080E30B00482413 /* Base */ = {isa = PBXFileReference; lastKnownFileType = file.storyboard; name = Base; path = Base.lproj/LaunchScreen.storyboard; sourceTree = "<group>"; };
		22F63F3D2080E30B00482413 /* Info.plist */ = {isa = PBXFileReference; lastKnownFileType = text.plist.xml; path = Info.plist; sourceTree = "<group>"; };
		22F63F422080E30B00482413 /* TouchSurgeryTechTestTests.xctest */ = {isa = PBXFileReference; explicitFileType = wrapper.cfbundle; includeInIndex = 0; path = TouchSurgeryTechTestTests.xctest; sourceTree = BUILT_PRODUCTS_DIR; };
		22F63F482080E30B00482413 /* Info.plist */ = {isa = PBXFileReference; lastKnownFileType = text.plist.xml; path = Info.plist; sourceTree = "<group>"; };
		22F63F4D2080E30B00482413 /* TouchSurgeryTechTestUITests.xctest */ = {isa = PBXFileReference; explicitFileType = wrapper.cfbundle; includeInIndex = 0; path = TouchSurgeryTechTestUITests.xctest; sourceTree = BUILT_PRODUCTS_DIR; };
		22F63F512080E30B00482413 /* TouchSurgeryTechTestUITests.swift */ = {isa = PBXFileReference; lastKnownFileType = sourcecode.swift; path = TouchSurgeryTechTestUITests.swift; sourceTree = "<group>"; };
		22F63F532080E30B00482413 /* Info.plist */ = {isa = PBXFileReference; lastKnownFileType = text.plist.xml; path = Info.plist; sourceTree = "<group>"; };
		22F63F612080E49E00482413 /* AppCoordinator.swift */ = {isa = PBXFileReference; lastKnownFileType = sourcecode.swift; path = AppCoordinator.swift; sourceTree = "<group>"; };
		22F63F642080E61D00482413 /* AppCoordinatorTests.swift */ = {isa = PBXFileReference; lastKnownFileType = sourcecode.swift; path = AppCoordinatorTests.swift; sourceTree = "<group>"; };
		22F63F692080E75600482413 /* BaseViewController.swift */ = {isa = PBXFileReference; lastKnownFileType = sourcecode.swift; path = BaseViewController.swift; sourceTree = "<group>"; };
		22F63F6B2080E77A00482413 /* ProcedureListTableViewController.swift */ = {isa = PBXFileReference; lastKnownFileType = sourcecode.swift; path = ProcedureListTableViewController.swift; sourceTree = "<group>"; };
		22F63F6D2080E7D800482413 /* ProcedureTableViewCell.swift */ = {isa = PBXFileReference; lastKnownFileType = sourcecode.swift; path = ProcedureTableViewCell.swift; sourceTree = "<group>"; };
		22F63F702080E81300482413 /* ReusableElement.swift */ = {isa = PBXFileReference; lastKnownFileType = sourcecode.swift; path = ReusableElement.swift; sourceTree = "<group>"; };
		22F63F732080E8BB00482413 /* ReusableElementTests.swift */ = {isa = PBXFileReference; lastKnownFileType = sourcecode.swift; path = ReusableElementTests.swift; sourceTree = "<group>"; };
		22F63F752080EB1000482413 /* ProcedureListViewModel.swift */ = {isa = PBXFileReference; lastKnownFileType = sourcecode.swift; path = ProcedureListViewModel.swift; sourceTree = "<group>"; };
		22F63F792080EB9D00482413 /* ProcedureListViewModelTests.swift */ = {isa = PBXFileReference; lastKnownFileType = sourcecode.swift; path = ProcedureListViewModelTests.swift; sourceTree = "<group>"; };
		22F63F7B2080EE2B00482413 /* UIColor+Styling.swift */ = {isa = PBXFileReference; lastKnownFileType = sourcecode.swift; path = "UIColor+Styling.swift"; sourceTree = "<group>"; };
		22F63F7D2080F12D00482413 /* UIFont+Styling.swift */ = {isa = PBXFileReference; lastKnownFileType = sourcecode.swift; path = "UIFont+Styling.swift"; sourceTree = "<group>"; };
		22F63F802080F1FC00482413 /* Procedure.swift */ = {isa = PBXFileReference; lastKnownFileType = sourcecode.swift; path = Procedure.swift; sourceTree = "<group>"; };
		22F63F832080F2F600482413 /* ProcedureTests.swift */ = {isa = PBXFileReference; lastKnownFileType = sourcecode.swift; path = ProcedureTests.swift; sourceTree = "<group>"; };
		22F63F862080F32A00482413 /* TestHelpers.swift */ = {isa = PBXFileReference; lastKnownFileType = sourcecode.swift; path = TestHelpers.swift; sourceTree = "<group>"; };
		22F63F892080F34800482413 /* single_procedure.json */ = {isa = PBXFileReference; lastKnownFileType = text.json; path = single_procedure.json; sourceTree = "<group>"; };
		22F63F8B2080F4A300482413 /* procedure_list.json */ = {isa = PBXFileReference; lastKnownFileType = text.json; path = procedure_list.json; sourceTree = "<group>"; };
		22F63F8E2080F50E00482413 /* DataProvider.swift */ = {isa = PBXFileReference; lastKnownFileType = sourcecode.swift; path = DataProvider.swift; sourceTree = "<group>"; };
		22F63F902080F59600482413 /* URL+Creation.swift */ = {isa = PBXFileReference; lastKnownFileType = sourcecode.swift; path = "URL+Creation.swift"; sourceTree = "<group>"; };
		22F63F932080F66700482413 /* URL+CreationTests.swift */ = {isa = PBXFileReference; lastKnownFileType = sourcecode.swift; path = "URL+CreationTests.swift"; sourceTree = "<group>"; };
		22F63F952080F88500482413 /* Observable+Conversion.swift */ = {isa = PBXFileReference; lastKnownFileType = sourcecode.swift; path = "Observable+Conversion.swift"; sourceTree = "<group>"; };
		22F63F972080FA1000482413 /* StubDataProvider.swift */ = {isa = PBXFileReference; lastKnownFileType = sourcecode.swift; path = StubDataProvider.swift; sourceTree = "<group>"; };
		41561EC9A1C301F8DEA647BF /* Pods_TouchSurgeryTechTest.framework */ = {isa = PBXFileReference; explicitFileType = wrapper.framework; includeInIndex = 0; path = Pods_TouchSurgeryTechTest.framework; sourceTree = BUILT_PRODUCTS_DIR; };
		6FE40317D3988EFFDF312CF7 /* Pods-TouchSurgeryTechTest.debug.xcconfig */ = {isa = PBXFileReference; includeInIndex = 1; lastKnownFileType = text.xcconfig; name = "Pods-TouchSurgeryTechTest.debug.xcconfig"; path = "Pods/Target Support Files/Pods-TouchSurgeryTechTest/Pods-TouchSurgeryTechTest.debug.xcconfig"; sourceTree = "<group>"; };
		7859889F46218E8B1D01FBD2 /* Pods_TouchSurgeryTechTestUITests.framework */ = {isa = PBXFileReference; explicitFileType = wrapper.framework; includeInIndex = 0; path = Pods_TouchSurgeryTechTestUITests.framework; sourceTree = BUILT_PRODUCTS_DIR; };
		8D974BBED1E0A82F3012D6D2 /* Pods-TouchSurgeryTechTestTests.debug.xcconfig */ = {isa = PBXFileReference; includeInIndex = 1; lastKnownFileType = text.xcconfig; name = "Pods-TouchSurgeryTechTestTests.debug.xcconfig"; path = "Pods/Target Support Files/Pods-TouchSurgeryTechTestTests/Pods-TouchSurgeryTechTestTests.debug.xcconfig"; sourceTree = "<group>"; };
		B8344716CAA4C2F8316D087A /* Pods-TouchSurgeryTechTestUITests.debug.xcconfig */ = {isa = PBXFileReference; includeInIndex = 1; lastKnownFileType = text.xcconfig; name = "Pods-TouchSurgeryTechTestUITests.debug.xcconfig"; path = "Pods/Target Support Files/Pods-TouchSurgeryTechTestUITests/Pods-TouchSurgeryTechTestUITests.debug.xcconfig"; sourceTree = "<group>"; };
		BE9150569186028F38F7D49F /* Pods-TouchSurgeryTechTestUITests.release.xcconfig */ = {isa = PBXFileReference; includeInIndex = 1; lastKnownFileType = text.xcconfig; name = "Pods-TouchSurgeryTechTestUITests.release.xcconfig"; path = "Pods/Target Support Files/Pods-TouchSurgeryTechTestUITests/Pods-TouchSurgeryTechTestUITests.release.xcconfig"; sourceTree = "<group>"; };
		E155F662E31E9024D8188937 /* Pods_TouchSurgeryTechTestTests.framework */ = {isa = PBXFileReference; explicitFileType = wrapper.framework; includeInIndex = 0; path = Pods_TouchSurgeryTechTestTests.framework; sourceTree = BUILT_PRODUCTS_DIR; };
/* End PBXFileReference section */

/* Begin PBXFrameworksBuildPhase section */
		22F63F2B2080E30800482413 /* Frameworks */ = {
			isa = PBXFrameworksBuildPhase;
			buildActionMask = 2147483647;
			files = (
				A93BBDECC03FAA2AB68D9BA8 /* Pods_TouchSurgeryTechTest.framework in Frameworks */,
			);
			runOnlyForDeploymentPostprocessing = 0;
		};
		22F63F3F2080E30B00482413 /* Frameworks */ = {
			isa = PBXFrameworksBuildPhase;
			buildActionMask = 2147483647;
			files = (
				D54D5B6FEF29ED4D2394EDAC /* Pods_TouchSurgeryTechTestTests.framework in Frameworks */,
			);
			runOnlyForDeploymentPostprocessing = 0;
		};
		22F63F4A2080E30B00482413 /* Frameworks */ = {
			isa = PBXFrameworksBuildPhase;
			buildActionMask = 2147483647;
			files = (
				DDE368692A73B41F8CB0816C /* Pods_TouchSurgeryTechTestUITests.framework in Frameworks */,
			);
			runOnlyForDeploymentPostprocessing = 0;
		};
/* End PBXFrameworksBuildPhase section */

/* Begin PBXGroup section */
		22F63F252080E30800482413 = {
			isa = PBXGroup;
			children = (
				22F63F302080E30800482413 /* TouchSurgeryTechTest */,
				22F63F452080E30B00482413 /* TouchSurgeryTechTestTests */,
				22F63F502080E30B00482413 /* TouchSurgeryTechTestUITests */,
				22F63F2F2080E30800482413 /* Products */,
				52EEEE8B58EA90DD870B87DB /* Pods */,
				5BCA6F45E33B1214588187BD /* Frameworks */,
			);
			sourceTree = "<group>";
		};
		22F63F2F2080E30800482413 /* Products */ = {
			isa = PBXGroup;
			children = (
				22F63F2E2080E30800482413 /* TouchSurgeryTechTest.app */,
				22F63F422080E30B00482413 /* TouchSurgeryTechTestTests.xctest */,
				22F63F4D2080E30B00482413 /* TouchSurgeryTechTestUITests.xctest */,
			);
			name = Products;
			sourceTree = "<group>";
		};
		22F63F302080E30800482413 /* TouchSurgeryTechTest */ = {
			isa = PBXGroup;
			children = (
				22F63F7F2080F1ED00482413 /* Model */,
				22F63F8D2080F50000482413 /* API */,
				22F63F6F2080E7FE00482413 /* UIKit Helpers + Styling */,
				22F63F682080E73B00482413 /* Base Classes */,
				22F63F602080E48800482413 /* Coordinator */,
				22F63F662080E72500482413 /* Screens */,
				22F63F312080E30800482413 /* AppDelegate.swift */,
				22F63F382080E30B00482413 /* Assets.xcassets */,
				22F63F3A2080E30B00482413 /* LaunchScreen.storyboard */,
				22F63F3D2080E30B00482413 /* Info.plist */,
			);
			path = TouchSurgeryTechTest;
			sourceTree = "<group>";
		};
		22F63F452080E30B00482413 /* TouchSurgeryTechTestTests */ = {
			isa = PBXGroup;
			children = (
				22F63F852080F30900482413 /* Test Helpers */,
				22F63F822080F2E400482413 /* Model */,
				22F63F922080F65400482413 /* API */,
				22F63F772080EB8000482413 /* Screens */,
				22F63F722080E8A800482413 /* UIKit Helpers + Styling */,
				22F63F632080E60900482413 /* Coordinator */,
				22F63F482080E30B00482413 /* Info.plist */,
			);
			path = TouchSurgeryTechTestTests;
			sourceTree = "<group>";
		};
		22F63F502080E30B00482413 /* TouchSurgeryTechTestUITests */ = {
			isa = PBXGroup;
			children = (
				22F63F512080E30B00482413 /* TouchSurgeryTechTestUITests.swift */,
				22F63F532080E30B00482413 /* Info.plist */,
			);
			path = TouchSurgeryTechTestUITests;
			sourceTree = "<group>";
		};
		22F63F602080E48800482413 /* Coordinator */ = {
			isa = PBXGroup;
			children = (
				22F63F612080E49E00482413 /* AppCoordinator.swift */,
			);
			path = Coordinator;
			sourceTree = "<group>";
		};
		22F63F632080E60900482413 /* Coordinator */ = {
			isa = PBXGroup;
			children = (
				22F63F642080E61D00482413 /* AppCoordinatorTests.swift */,
			);
			path = Coordinator;
			sourceTree = "<group>";
		};
		22F63F662080E72500482413 /* Screens */ = {
			isa = PBXGroup;
			children = (
				22F63F672080E72E00482413 /* Procedures List */,
			);
			path = Screens;
			sourceTree = "<group>";
		};
		22F63F672080E72E00482413 /* Procedures List */ = {
			isa = PBXGroup;
			children = (
				22F63F6B2080E77A00482413 /* ProcedureListTableViewController.swift */,
				22F63F6D2080E7D800482413 /* ProcedureTableViewCell.swift */,
				22F63F752080EB1000482413 /* ProcedureListViewModel.swift */,
			);
			path = "Procedures List";
			sourceTree = "<group>";
		};
		22F63F682080E73B00482413 /* Base Classes */ = {
			isa = PBXGroup;
			children = (
				22F63F692080E75600482413 /* BaseViewController.swift */,
			);
			path = "Base Classes";
			sourceTree = "<group>";
		};
		22F63F6F2080E7FE00482413 /* UIKit Helpers + Styling */ = {
			isa = PBXGroup;
			children = (
				22F63F702080E81300482413 /* ReusableElement.swift */,
				22F63F7B2080EE2B00482413 /* UIColor+Styling.swift */,
				22F63F7D2080F12D00482413 /* UIFont+Styling.swift */,
			);
			path = "UIKit Helpers + Styling";
			sourceTree = "<group>";
		};
		22F63F722080E8A800482413 /* UIKit Helpers + Styling */ = {
			isa = PBXGroup;
			children = (
				22F63F732080E8BB00482413 /* ReusableElementTests.swift */,
			);
			path = "UIKit Helpers + Styling";
			sourceTree = "<group>";
		};
		22F63F772080EB8000482413 /* Screens */ = {
			isa = PBXGroup;
			children = (
				22F63F782080EB8A00482413 /* Procedures List */,
			);
			path = Screens;
			sourceTree = "<group>";
		};
		22F63F782080EB8A00482413 /* Procedures List */ = {
			isa = PBXGroup;
			children = (
				22F63F792080EB9D00482413 /* ProcedureListViewModelTests.swift */,
			);
			path = "Procedures List";
			sourceTree = "<group>";
		};
		22F63F7F2080F1ED00482413 /* Model */ = {
			isa = PBXGroup;
			children = (
				22F63F802080F1FC00482413 /* Procedure.swift */,
			);
			path = Model;
			sourceTree = "<group>";
		};
		22F63F822080F2E400482413 /* Model */ = {
			isa = PBXGroup;
			children = (
				22F63F832080F2F600482413 /* ProcedureTests.swift */,
			);
			path = Model;
			sourceTree = "<group>";
		};
		22F63F852080F30900482413 /* Test Helpers */ = {
			isa = PBXGroup;
			children = (
				22F63F882080F33400482413 /* JSON */,
				22F63F862080F32A00482413 /* TestHelpers.swift */,
				22F63F972080FA1000482413 /* StubDataProvider.swift */,
			);
			path = "Test Helpers";
			sourceTree = "<group>";
		};
		22F63F882080F33400482413 /* JSON */ = {
			isa = PBXGroup;
			children = (
				22F63F892080F34800482413 /* single_procedure.json */,
				22F63F8B2080F4A300482413 /* procedure_list.json */,
			);
			path = JSON;
			sourceTree = "<group>";
		};
		22F63F8D2080F50000482413 /* API */ = {
			isa = PBXGroup;
			children = (
				22F63F8E2080F50E00482413 /* DataProvider.swift */,
				22F63F902080F59600482413 /* URL+Creation.swift */,
				22F63F952080F88500482413 /* Observable+Conversion.swift */,
			);
			path = API;
			sourceTree = "<group>";
		};
		22F63F922080F65400482413 /* API */ = {
			isa = PBXGroup;
			children = (
				22F63F932080F66700482413 /* URL+CreationTests.swift */,
			);
			path = API;
			sourceTree = "<group>";
		};
		52EEEE8B58EA90DD870B87DB /* Pods */ = {
			isa = PBXGroup;
			children = (
				6FE40317D3988EFFDF312CF7 /* Pods-TouchSurgeryTechTest.debug.xcconfig */,
				163140727408B1A503B6BC2C /* Pods-TouchSurgeryTechTest.release.xcconfig */,
				8D974BBED1E0A82F3012D6D2 /* Pods-TouchSurgeryTechTestTests.debug.xcconfig */,
				104F6ECC85C3F7C77640687C /* Pods-TouchSurgeryTechTestTests.release.xcconfig */,
				B8344716CAA4C2F8316D087A /* Pods-TouchSurgeryTechTestUITests.debug.xcconfig */,
				BE9150569186028F38F7D49F /* Pods-TouchSurgeryTechTestUITests.release.xcconfig */,
			);
			name = Pods;
			sourceTree = "<group>";
		};
		5BCA6F45E33B1214588187BD /* Frameworks */ = {
			isa = PBXGroup;
			children = (
				41561EC9A1C301F8DEA647BF /* Pods_TouchSurgeryTechTest.framework */,
				E155F662E31E9024D8188937 /* Pods_TouchSurgeryTechTestTests.framework */,
				7859889F46218E8B1D01FBD2 /* Pods_TouchSurgeryTechTestUITests.framework */,
			);
			name = Frameworks;
			sourceTree = "<group>";
		};
/* End PBXGroup section */

/* Begin PBXNativeTarget section */
		22F63F2D2080E30800482413 /* TouchSurgeryTechTest */ = {
			isa = PBXNativeTarget;
			buildConfigurationList = 22F63F562080E30B00482413 /* Build configuration list for PBXNativeTarget "TouchSurgeryTechTest" */;
			buildPhases = (
				617415AE394A21EC8AEBA870 /* [CP] Check Pods Manifest.lock */,
				22F63F5F2080E42100482413 /* Swiftlint */,
				D2E8FD7116AA8E666743C7E8 /* [CP] Copy Pods Resources */,
				22F63F2A2080E30800482413 /* Sources */,
				22F63F2B2080E30800482413 /* Frameworks */,
				22F63F2C2080E30800482413 /* Resources */,
				397FE3734AE7A2DE65F212CA /* [CP] Embed Pods Frameworks */,
			);
			buildRules = (
			);
			dependencies = (
			);
			name = TouchSurgeryTechTest;
			productName = TouchSurgeryTechTest;
			productReference = 22F63F2E2080E30800482413 /* TouchSurgeryTechTest.app */;
			productType = "com.apple.product-type.application";
		};
		22F63F412080E30B00482413 /* TouchSurgeryTechTestTests */ = {
			isa = PBXNativeTarget;
			buildConfigurationList = 22F63F592080E30B00482413 /* Build configuration list for PBXNativeTarget "TouchSurgeryTechTestTests" */;
			buildPhases = (
				17C0AEA764A804A41E2082C9 /* [CP] Check Pods Manifest.lock */,
				22F63F3E2080E30B00482413 /* Sources */,
				22F63F3F2080E30B00482413 /* Frameworks */,
				22F63F402080E30B00482413 /* Resources */,
				3B0AADCB47755C10DC619601 /* [CP] Embed Pods Frameworks */,
				BA2E58BB6B440E9FAAC2F8D4 /* [CP] Copy Pods Resources */,
			);
			buildRules = (
			);
			dependencies = (
				22F63F442080E30B00482413 /* PBXTargetDependency */,
			);
			name = TouchSurgeryTechTestTests;
			productName = TouchSurgeryTechTestTests;
			productReference = 22F63F422080E30B00482413 /* TouchSurgeryTechTestTests.xctest */;
			productType = "com.apple.product-type.bundle.unit-test";
		};
		22F63F4C2080E30B00482413 /* TouchSurgeryTechTestUITests */ = {
			isa = PBXNativeTarget;
			buildConfigurationList = 22F63F5C2080E30B00482413 /* Build configuration list for PBXNativeTarget "TouchSurgeryTechTestUITests" */;
			buildPhases = (
				004163D01EF7110F9F5F1B38 /* [CP] Check Pods Manifest.lock */,
				22F63F492080E30B00482413 /* Sources */,
				22F63F4A2080E30B00482413 /* Frameworks */,
				22F63F4B2080E30B00482413 /* Resources */,
				284D1897673C30F84933C3C5 /* [CP] Embed Pods Frameworks */,
				A52A3FDFAEED7D72DDFF5470 /* [CP] Copy Pods Resources */,
			);
			buildRules = (
			);
			dependencies = (
				22F63F4F2080E30B00482413 /* PBXTargetDependency */,
			);
			name = TouchSurgeryTechTestUITests;
			productName = TouchSurgeryTechTestUITests;
			productReference = 22F63F4D2080E30B00482413 /* TouchSurgeryTechTestUITests.xctest */;
			productType = "com.apple.product-type.bundle.ui-testing";
		};
/* End PBXNativeTarget section */

/* Begin PBXProject section */
		22F63F262080E30800482413 /* Project object */ = {
			isa = PBXProject;
			attributes = {
				LastSwiftUpdateCheck = 0930;
				LastUpgradeCheck = 0930;
				ORGANIZATIONNAME = "Sam Watts";
				TargetAttributes = {
					22F63F2D2080E30800482413 = {
						CreatedOnToolsVersion = 9.3;
					};
					22F63F412080E30B00482413 = {
						CreatedOnToolsVersion = 9.3;
						TestTargetID = 22F63F2D2080E30800482413;
					};
					22F63F4C2080E30B00482413 = {
						CreatedOnToolsVersion = 9.3;
						TestTargetID = 22F63F2D2080E30800482413;
					};
				};
			};
			buildConfigurationList = 22F63F292080E30800482413 /* Build configuration list for PBXProject "TouchSurgeryTechTest" */;
			compatibilityVersion = "Xcode 9.3";
			developmentRegion = en;
			hasScannedForEncodings = 0;
			knownRegions = (
				en,
				Base,
			);
			mainGroup = 22F63F252080E30800482413;
			productRefGroup = 22F63F2F2080E30800482413 /* Products */;
			projectDirPath = "";
			projectRoot = "";
			targets = (
				22F63F2D2080E30800482413 /* TouchSurgeryTechTest */,
				22F63F412080E30B00482413 /* TouchSurgeryTechTestTests */,
				22F63F4C2080E30B00482413 /* TouchSurgeryTechTestUITests */,
			);
		};
/* End PBXProject section */

/* Begin PBXResourcesBuildPhase section */
		22F63F2C2080E30800482413 /* Resources */ = {
			isa = PBXResourcesBuildPhase;
			buildActionMask = 2147483647;
			files = (
				22F63F3C2080E30B00482413 /* LaunchScreen.storyboard in Resources */,
				22F63F392080E30B00482413 /* Assets.xcassets in Resources */,
			);
			runOnlyForDeploymentPostprocessing = 0;
		};
		22F63F402080E30B00482413 /* Resources */ = {
			isa = PBXResourcesBuildPhase;
			buildActionMask = 2147483647;
			files = (
				22F63F8A2080F34800482413 /* single_procedure.json in Resources */,
				22F63F8C2080F4A300482413 /* procedure_list.json in Resources */,
			);
			runOnlyForDeploymentPostprocessing = 0;
		};
		22F63F4B2080E30B00482413 /* Resources */ = {
			isa = PBXResourcesBuildPhase;
			buildActionMask = 2147483647;
			files = (
			);
			runOnlyForDeploymentPostprocessing = 0;
		};
/* End PBXResourcesBuildPhase section */

/* Begin PBXShellScriptBuildPhase section */
		004163D01EF7110F9F5F1B38 /* [CP] Check Pods Manifest.lock */ = {
			isa = PBXShellScriptBuildPhase;
			buildActionMask = 2147483647;
			files = (
			);
			inputPaths = (
				"${PODS_PODFILE_DIR_PATH}/Podfile.lock",
				"${PODS_ROOT}/Manifest.lock",
			);
			name = "[CP] Check Pods Manifest.lock";
			outputPaths = (
				"$(DERIVED_FILE_DIR)/Pods-TouchSurgeryTechTestUITests-checkManifestLockResult.txt",
			);
			runOnlyForDeploymentPostprocessing = 0;
			shellPath = /bin/sh;
			shellScript = "diff \"${PODS_PODFILE_DIR_PATH}/Podfile.lock\" \"${PODS_ROOT}/Manifest.lock\" > /dev/null\nif [ $? != 0 ] ; then\n    # print error to STDERR\n    echo \"error: The sandbox is not in sync with the Podfile.lock. Run 'pod install' or update your CocoaPods installation.\" >&2\n    exit 1\nfi\n# This output is used by Xcode 'outputs' to avoid re-running this script phase.\necho \"SUCCESS\" > \"${SCRIPT_OUTPUT_FILE_0}\"\n";
			showEnvVarsInLog = 0;
		};
		17C0AEA764A804A41E2082C9 /* [CP] Check Pods Manifest.lock */ = {
			isa = PBXShellScriptBuildPhase;
			buildActionMask = 2147483647;
			files = (
			);
			inputPaths = (
				"${PODS_PODFILE_DIR_PATH}/Podfile.lock",
				"${PODS_ROOT}/Manifest.lock",
			);
			name = "[CP] Check Pods Manifest.lock";
			outputPaths = (
				"$(DERIVED_FILE_DIR)/Pods-TouchSurgeryTechTestTests-checkManifestLockResult.txt",
			);
			runOnlyForDeploymentPostprocessing = 0;
			shellPath = /bin/sh;
			shellScript = "diff \"${PODS_PODFILE_DIR_PATH}/Podfile.lock\" \"${PODS_ROOT}/Manifest.lock\" > /dev/null\nif [ $? != 0 ] ; then\n    # print error to STDERR\n    echo \"error: The sandbox is not in sync with the Podfile.lock. Run 'pod install' or update your CocoaPods installation.\" >&2\n    exit 1\nfi\n# This output is used by Xcode 'outputs' to avoid re-running this script phase.\necho \"SUCCESS\" > \"${SCRIPT_OUTPUT_FILE_0}\"\n";
			showEnvVarsInLog = 0;
		};
		22F63F5F2080E42100482413 /* Swiftlint */ = {
			isa = PBXShellScriptBuildPhase;
			buildActionMask = 2147483647;
			files = (
			);
			inputPaths = (
			);
			name = Swiftlint;
			outputPaths = (
			);
			runOnlyForDeploymentPostprocessing = 0;
			shellPath = /bin/sh;
			shellScript = "\"${PODS_ROOT}/SwiftLint/swiftlint\"";
		};
		284D1897673C30F84933C3C5 /* [CP] Embed Pods Frameworks */ = {
			isa = PBXShellScriptBuildPhase;
			buildActionMask = 2147483647;
			files = (
			);
			inputPaths = (
			);
			name = "[CP] Embed Pods Frameworks";
			outputPaths = (
			);
			runOnlyForDeploymentPostprocessing = 0;
			shellPath = /bin/sh;
			shellScript = "\"${SRCROOT}/Pods/Target Support Files/Pods-TouchSurgeryTechTestUITests/Pods-TouchSurgeryTechTestUITests-frameworks.sh\"\n";
			showEnvVarsInLog = 0;
		};
		397FE3734AE7A2DE65F212CA /* [CP] Embed Pods Frameworks */ = {
			isa = PBXShellScriptBuildPhase;
			buildActionMask = 2147483647;
			files = (
			);
			inputPaths = (
				"${SRCROOT}/Pods/Target Support Files/Pods-TouchSurgeryTechTest/Pods-TouchSurgeryTechTest-frameworks.sh",
				"${BUILT_PRODUCTS_DIR}/Kingfisher/Kingfisher.framework",
				"${BUILT_PRODUCTS_DIR}/RxCocoa/RxCocoa.framework",
				"${BUILT_PRODUCTS_DIR}/RxSwift/RxSwift.framework",
			);
			name = "[CP] Embed Pods Frameworks";
			outputPaths = (
				"${TARGET_BUILD_DIR}/${FRAMEWORKS_FOLDER_PATH}/Kingfisher.framework",
				"${TARGET_BUILD_DIR}/${FRAMEWORKS_FOLDER_PATH}/RxCocoa.framework",
				"${TARGET_BUILD_DIR}/${FRAMEWORKS_FOLDER_PATH}/RxSwift.framework",
			);
			runOnlyForDeploymentPostprocessing = 0;
			shellPath = /bin/sh;
			shellScript = "\"${SRCROOT}/Pods/Target Support Files/Pods-TouchSurgeryTechTest/Pods-TouchSurgeryTechTest-frameworks.sh\"\n";
			showEnvVarsInLog = 0;
		};
		3B0AADCB47755C10DC619601 /* [CP] Embed Pods Frameworks */ = {
			isa = PBXShellScriptBuildPhase;
			buildActionMask = 2147483647;
			files = (
			);
			inputPaths = (
			);
			name = "[CP] Embed Pods Frameworks";
			outputPaths = (
			);
			runOnlyForDeploymentPostprocessing = 0;
			shellPath = /bin/sh;
			shellScript = "\"${SRCROOT}/Pods/Target Support Files/Pods-TouchSurgeryTechTestTests/Pods-TouchSurgeryTechTestTests-frameworks.sh\"\n";
			showEnvVarsInLog = 0;
		};
		617415AE394A21EC8AEBA870 /* [CP] Check Pods Manifest.lock */ = {
			isa = PBXShellScriptBuildPhase;
			buildActionMask = 2147483647;
			files = (
			);
			inputPaths = (
				"${PODS_PODFILE_DIR_PATH}/Podfile.lock",
				"${PODS_ROOT}/Manifest.lock",
			);
			name = "[CP] Check Pods Manifest.lock";
			outputPaths = (
				"$(DERIVED_FILE_DIR)/Pods-TouchSurgeryTechTest-checkManifestLockResult.txt",
			);
			runOnlyForDeploymentPostprocessing = 0;
			shellPath = /bin/sh;
			shellScript = "diff \"${PODS_PODFILE_DIR_PATH}/Podfile.lock\" \"${PODS_ROOT}/Manifest.lock\" > /dev/null\nif [ $? != 0 ] ; then\n    # print error to STDERR\n    echo \"error: The sandbox is not in sync with the Podfile.lock. Run 'pod install' or update your CocoaPods installation.\" >&2\n    exit 1\nfi\n# This output is used by Xcode 'outputs' to avoid re-running this script phase.\necho \"SUCCESS\" > \"${SCRIPT_OUTPUT_FILE_0}\"\n";
			showEnvVarsInLog = 0;
		};
		A52A3FDFAEED7D72DDFF5470 /* [CP] Copy Pods Resources */ = {
			isa = PBXShellScriptBuildPhase;
			buildActionMask = 2147483647;
			files = (
			);
			inputPaths = (
			);
			name = "[CP] Copy Pods Resources";
			outputPaths = (
			);
			runOnlyForDeploymentPostprocessing = 0;
			shellPath = /bin/sh;
			shellScript = "\"${SRCROOT}/Pods/Target Support Files/Pods-TouchSurgeryTechTestUITests/Pods-TouchSurgeryTechTestUITests-resources.sh\"\n";
			showEnvVarsInLog = 0;
		};
		BA2E58BB6B440E9FAAC2F8D4 /* [CP] Copy Pods Resources */ = {
			isa = PBXShellScriptBuildPhase;
			buildActionMask = 2147483647;
			files = (
			);
			inputPaths = (
			);
			name = "[CP] Copy Pods Resources";
			outputPaths = (
			);
			runOnlyForDeploymentPostprocessing = 0;
			shellPath = /bin/sh;
			shellScript = "\"${SRCROOT}/Pods/Target Support Files/Pods-TouchSurgeryTechTestTests/Pods-TouchSurgeryTechTestTests-resources.sh\"\n";
			showEnvVarsInLog = 0;
		};
		D2E8FD7116AA8E666743C7E8 /* [CP] Copy Pods Resources */ = {
			isa = PBXShellScriptBuildPhase;
			buildActionMask = 2147483647;
			files = (
			);
			inputPaths = (
			);
			name = "[CP] Copy Pods Resources";
			outputPaths = (
			);
			runOnlyForDeploymentPostprocessing = 0;
			shellPath = /bin/sh;
			shellScript = "\"${SRCROOT}/Pods/Target Support Files/Pods-TouchSurgeryTechTest/Pods-TouchSurgeryTechTest-resources.sh\"\n";
			showEnvVarsInLog = 0;
		};
/* End PBXShellScriptBuildPhase section */

/* Begin PBXSourcesBuildPhase section */
		22F63F2A2080E30800482413 /* Sources */ = {
			isa = PBXSourcesBuildPhase;
			buildActionMask = 2147483647;
			files = (
				22F63F622080E49E00482413 /* AppCoordinator.swift in Sources */,
				22F63F712080E81300482413 /* ReusableElement.swift in Sources */,
				22F63F7E2080F12D00482413 /* UIFont+Styling.swift in Sources */,
				22F63F812080F1FC00482413 /* Procedure.swift in Sources */,
				22F63F912080F59600482413 /* URL+Creation.swift in Sources */,
				22F63F7C2080EE2B00482413 /* UIColor+Styling.swift in Sources */,
				22F63F8F2080F50E00482413 /* DataProvider.swift in Sources */,
				22F63F6E2080E7D800482413 /* ProcedureTableViewCell.swift in Sources */,
				22F63F6C2080E77A00482413 /* ProcedureListTableViewController.swift in Sources */,
				22F63F962080F88500482413 /* Observable+Conversion.swift in Sources */,
				22F63F322080E30800482413 /* AppDelegate.swift in Sources */,
				22F63F6A2080E75600482413 /* BaseViewController.swift in Sources */,
				22F63F762080EB1000482413 /* ProcedureListViewModel.swift in Sources */,
			);
			runOnlyForDeploymentPostprocessing = 0;
		};
		22F63F3E2080E30B00482413 /* Sources */ = {
			isa = PBXSourcesBuildPhase;
			buildActionMask = 2147483647;
			files = (
				22F63F652080E61D00482413 /* AppCoordinatorTests.swift in Sources */,
				22F63F872080F32A00482413 /* TestHelpers.swift in Sources */,
				22F63F942080F66700482413 /* URL+CreationTests.swift in Sources */,
				22F63F982080FA1000482413 /* StubDataProvider.swift in Sources */,
				22F63F742080E8BB00482413 /* ReusableElementTests.swift in Sources */,
				22F63F7A2080EB9D00482413 /* ProcedureListViewModelTests.swift in Sources */,
				22F63F842080F2F600482413 /* ProcedureTests.swift in Sources */,
			);
			runOnlyForDeploymentPostprocessing = 0;
		};
		22F63F492080E30B00482413 /* Sources */ = {
			isa = PBXSourcesBuildPhase;
			buildActionMask = 2147483647;
			files = (
				22F63F522080E30B00482413 /* TouchSurgeryTechTestUITests.swift in Sources */,
			);
			runOnlyForDeploymentPostprocessing = 0;
		};
/* End PBXSourcesBuildPhase section */

/* Begin PBXTargetDependency section */
		22F63F442080E30B00482413 /* PBXTargetDependency */ = {
			isa = PBXTargetDependency;
			target = 22F63F2D2080E30800482413 /* TouchSurgeryTechTest */;
			targetProxy = 22F63F432080E30B00482413 /* PBXContainerItemProxy */;
		};
		22F63F4F2080E30B00482413 /* PBXTargetDependency */ = {
			isa = PBXTargetDependency;
			target = 22F63F2D2080E30800482413 /* TouchSurgeryTechTest */;
			targetProxy = 22F63F4E2080E30B00482413 /* PBXContainerItemProxy */;
		};
/* End PBXTargetDependency section */

/* Begin PBXVariantGroup section */
		22F63F3A2080E30B00482413 /* LaunchScreen.storyboard */ = {
			isa = PBXVariantGroup;
			children = (
				22F63F3B2080E30B00482413 /* Base */,
			);
			name = LaunchScreen.storyboard;
			sourceTree = "<group>";
		};
/* End PBXVariantGroup section */

/* Begin XCBuildConfiguration section */
		22F63F542080E30B00482413 /* Debug */ = {
			isa = XCBuildConfiguration;
			buildSettings = {
				ALWAYS_SEARCH_USER_PATHS = NO;
				CLANG_ANALYZER_NONNULL = YES;
				CLANG_ANALYZER_NUMBER_OBJECT_CONVERSION = YES_AGGRESSIVE;
				CLANG_CXX_LANGUAGE_STANDARD = "gnu++14";
				CLANG_CXX_LIBRARY = "libc++";
				CLANG_ENABLE_MODULES = YES;
				CLANG_ENABLE_OBJC_ARC = YES;
				CLANG_ENABLE_OBJC_WEAK = YES;
				CLANG_WARN_BLOCK_CAPTURE_AUTORELEASING = YES;
				CLANG_WARN_BOOL_CONVERSION = YES;
				CLANG_WARN_COMMA = YES;
				CLANG_WARN_CONSTANT_CONVERSION = YES;
				CLANG_WARN_DEPRECATED_OBJC_IMPLEMENTATIONS = YES;
				CLANG_WARN_DIRECT_OBJC_ISA_USAGE = YES_ERROR;
				CLANG_WARN_DOCUMENTATION_COMMENTS = YES;
				CLANG_WARN_EMPTY_BODY = YES;
				CLANG_WARN_ENUM_CONVERSION = YES;
				CLANG_WARN_INFINITE_RECURSION = YES;
				CLANG_WARN_INT_CONVERSION = YES;
				CLANG_WARN_NON_LITERAL_NULL_CONVERSION = YES;
				CLANG_WARN_OBJC_IMPLICIT_RETAIN_SELF = YES;
				CLANG_WARN_OBJC_LITERAL_CONVERSION = YES;
				CLANG_WARN_OBJC_ROOT_CLASS = YES_ERROR;
				CLANG_WARN_RANGE_LOOP_ANALYSIS = YES;
				CLANG_WARN_STRICT_PROTOTYPES = YES;
				CLANG_WARN_SUSPICIOUS_MOVE = YES;
				CLANG_WARN_UNGUARDED_AVAILABILITY = YES_AGGRESSIVE;
				CLANG_WARN_UNREACHABLE_CODE = YES;
				CLANG_WARN__DUPLICATE_METHOD_MATCH = YES;
				CODE_SIGN_IDENTITY = "iPhone Developer";
				COPY_PHASE_STRIP = NO;
				DEBUG_INFORMATION_FORMAT = dwarf;
				ENABLE_STRICT_OBJC_MSGSEND = YES;
				ENABLE_TESTABILITY = YES;
				GCC_C_LANGUAGE_STANDARD = gnu11;
				GCC_DYNAMIC_NO_PIC = NO;
				GCC_NO_COMMON_BLOCKS = YES;
				GCC_OPTIMIZATION_LEVEL = 0;
				GCC_PREPROCESSOR_DEFINITIONS = (
					"DEBUG=1",
					"$(inherited)",
				);
				GCC_WARN_64_TO_32_BIT_CONVERSION = YES;
				GCC_WARN_ABOUT_RETURN_TYPE = YES_ERROR;
				GCC_WARN_UNDECLARED_SELECTOR = YES;
				GCC_WARN_UNINITIALIZED_AUTOS = YES_AGGRESSIVE;
				GCC_WARN_UNUSED_FUNCTION = YES;
				GCC_WARN_UNUSED_VARIABLE = YES;
				IPHONEOS_DEPLOYMENT_TARGET = 11.3;
				MTL_ENABLE_DEBUG_INFO = YES;
				ONLY_ACTIVE_ARCH = YES;
				SDKROOT = iphoneos;
				SWIFT_ACTIVE_COMPILATION_CONDITIONS = DEBUG;
				SWIFT_OPTIMIZATION_LEVEL = "-Onone";
			};
			name = Debug;
		};
		22F63F552080E30B00482413 /* Release */ = {
			isa = XCBuildConfiguration;
			buildSettings = {
				ALWAYS_SEARCH_USER_PATHS = NO;
				CLANG_ANALYZER_NONNULL = YES;
				CLANG_ANALYZER_NUMBER_OBJECT_CONVERSION = YES_AGGRESSIVE;
				CLANG_CXX_LANGUAGE_STANDARD = "gnu++14";
				CLANG_CXX_LIBRARY = "libc++";
				CLANG_ENABLE_MODULES = YES;
				CLANG_ENABLE_OBJC_ARC = YES;
				CLANG_ENABLE_OBJC_WEAK = YES;
				CLANG_WARN_BLOCK_CAPTURE_AUTORELEASING = YES;
				CLANG_WARN_BOOL_CONVERSION = YES;
				CLANG_WARN_COMMA = YES;
				CLANG_WARN_CONSTANT_CONVERSION = YES;
				CLANG_WARN_DEPRECATED_OBJC_IMPLEMENTATIONS = YES;
				CLANG_WARN_DIRECT_OBJC_ISA_USAGE = YES_ERROR;
				CLANG_WARN_DOCUMENTATION_COMMENTS = YES;
				CLANG_WARN_EMPTY_BODY = YES;
				CLANG_WARN_ENUM_CONVERSION = YES;
				CLANG_WARN_INFINITE_RECURSION = YES;
				CLANG_WARN_INT_CONVERSION = YES;
				CLANG_WARN_NON_LITERAL_NULL_CONVERSION = YES;
				CLANG_WARN_OBJC_IMPLICIT_RETAIN_SELF = YES;
				CLANG_WARN_OBJC_LITERAL_CONVERSION = YES;
				CLANG_WARN_OBJC_ROOT_CLASS = YES_ERROR;
				CLANG_WARN_RANGE_LOOP_ANALYSIS = YES;
				CLANG_WARN_STRICT_PROTOTYPES = YES;
				CLANG_WARN_SUSPICIOUS_MOVE = YES;
				CLANG_WARN_UNGUARDED_AVAILABILITY = YES_AGGRESSIVE;
				CLANG_WARN_UNREACHABLE_CODE = YES;
				CLANG_WARN__DUPLICATE_METHOD_MATCH = YES;
				CODE_SIGN_IDENTITY = "iPhone Developer";
				COPY_PHASE_STRIP = NO;
				DEBUG_INFORMATION_FORMAT = "dwarf-with-dsym";
				ENABLE_NS_ASSERTIONS = NO;
				ENABLE_STRICT_OBJC_MSGSEND = YES;
				GCC_C_LANGUAGE_STANDARD = gnu11;
				GCC_NO_COMMON_BLOCKS = YES;
				GCC_WARN_64_TO_32_BIT_CONVERSION = YES;
				GCC_WARN_ABOUT_RETURN_TYPE = YES_ERROR;
				GCC_WARN_UNDECLARED_SELECTOR = YES;
				GCC_WARN_UNINITIALIZED_AUTOS = YES_AGGRESSIVE;
				GCC_WARN_UNUSED_FUNCTION = YES;
				GCC_WARN_UNUSED_VARIABLE = YES;
				IPHONEOS_DEPLOYMENT_TARGET = 11.3;
				MTL_ENABLE_DEBUG_INFO = NO;
				SDKROOT = iphoneos;
				SWIFT_COMPILATION_MODE = wholemodule;
				SWIFT_OPTIMIZATION_LEVEL = "-O";
				VALIDATE_PRODUCT = YES;
			};
			name = Release;
		};
		22F63F572080E30B00482413 /* Debug */ = {
			isa = XCBuildConfiguration;
			baseConfigurationReference = 6FE40317D3988EFFDF312CF7 /* Pods-TouchSurgeryTechTest.debug.xcconfig */;
			buildSettings = {
				ASSETCATALOG_COMPILER_APPICON_NAME = AppIcon;
				CODE_SIGN_STYLE = Automatic;
				DEVELOPMENT_TEAM = 9B4L4655ZF;
				INFOPLIST_FILE = TouchSurgeryTechTest/Info.plist;
				LD_RUNPATH_SEARCH_PATHS = (
					"$(inherited)",
					"@executable_path/Frameworks",
				);
				PRODUCT_BUNDLE_IDENTIFIER = com.samwatts.TouchSurgeryTechTest;
				PRODUCT_NAME = "$(TARGET_NAME)";
				SWIFT_VERSION = 4.0;
				TARGETED_DEVICE_FAMILY = "1,2";
			};
			name = Debug;
		};
		22F63F582080E30B00482413 /* Release */ = {
			isa = XCBuildConfiguration;
			baseConfigurationReference = 163140727408B1A503B6BC2C /* Pods-TouchSurgeryTechTest.release.xcconfig */;
			buildSettings = {
				ASSETCATALOG_COMPILER_APPICON_NAME = AppIcon;
				CODE_SIGN_STYLE = Automatic;
				DEVELOPMENT_TEAM = 9B4L4655ZF;
				INFOPLIST_FILE = TouchSurgeryTechTest/Info.plist;
				LD_RUNPATH_SEARCH_PATHS = (
					"$(inherited)",
					"@executable_path/Frameworks",
				);
				PRODUCT_BUNDLE_IDENTIFIER = com.samwatts.TouchSurgeryTechTest;
				PRODUCT_NAME = "$(TARGET_NAME)";
				SWIFT_VERSION = 4.0;
				TARGETED_DEVICE_FAMILY = "1,2";
			};
			name = Release;
		};
		22F63F5A2080E30B00482413 /* Debug */ = {
			isa = XCBuildConfiguration;
			baseConfigurationReference = 8D974BBED1E0A82F3012D6D2 /* Pods-TouchSurgeryTechTestTests.debug.xcconfig */;
			buildSettings = {
				ALWAYS_EMBED_SWIFT_STANDARD_LIBRARIES = YES;
				BUNDLE_LOADER = "$(TEST_HOST)";
				CODE_SIGN_STYLE = Automatic;
				DEVELOPMENT_TEAM = 9B4L4655ZF;
				INFOPLIST_FILE = TouchSurgeryTechTestTests/Info.plist;
				LD_RUNPATH_SEARCH_PATHS = (
					"$(inherited)",
					"@executable_path/Frameworks",
					"@loader_path/Frameworks",
				);
				PRODUCT_BUNDLE_IDENTIFIER = com.samwatts.TouchSurgeryTechTestTests;
				PRODUCT_NAME = "$(TARGET_NAME)";
				SWIFT_VERSION = 4.0;
				TARGETED_DEVICE_FAMILY = "1,2";
				TEST_HOST = "$(BUILT_PRODUCTS_DIR)/TouchSurgeryTechTest.app/TouchSurgeryTechTest";
			};
			name = Debug;
		};
		22F63F5B2080E30B00482413 /* Release */ = {
			isa = XCBuildConfiguration;
			baseConfigurationReference = 104F6ECC85C3F7C77640687C /* Pods-TouchSurgeryTechTestTests.release.xcconfig */;
			buildSettings = {
				ALWAYS_EMBED_SWIFT_STANDARD_LIBRARIES = YES;
				BUNDLE_LOADER = "$(TEST_HOST)";
				CODE_SIGN_STYLE = Automatic;
				DEVELOPMENT_TEAM = 9B4L4655ZF;
				INFOPLIST_FILE = TouchSurgeryTechTestTests/Info.plist;
				LD_RUNPATH_SEARCH_PATHS = (
					"$(inherited)",
					"@executable_path/Frameworks",
					"@loader_path/Frameworks",
				);
				PRODUCT_BUNDLE_IDENTIFIER = com.samwatts.TouchSurgeryTechTestTests;
				PRODUCT_NAME = "$(TARGET_NAME)";
				SWIFT_VERSION = 4.0;
				TARGETED_DEVICE_FAMILY = "1,2";
				TEST_HOST = "$(BUILT_PRODUCTS_DIR)/TouchSurgeryTechTest.app/TouchSurgeryTechTest";
			};
			name = Release;
		};
		22F63F5D2080E30B00482413 /* Debug */ = {
			isa = XCBuildConfiguration;
			baseConfigurationReference = B8344716CAA4C2F8316D087A /* Pods-TouchSurgeryTechTestUITests.debug.xcconfig */;
			buildSettings = {
				ALWAYS_EMBED_SWIFT_STANDARD_LIBRARIES = YES;
				CODE_SIGN_STYLE = Automatic;
				DEVELOPMENT_TEAM = 9B4L4655ZF;
				INFOPLIST_FILE = TouchSurgeryTechTestUITests/Info.plist;
				LD_RUNPATH_SEARCH_PATHS = (
					"$(inherited)",
					"@executable_path/Frameworks",
					"@loader_path/Frameworks",
				);
				PRODUCT_BUNDLE_IDENTIFIER = com.samwatts.TouchSurgeryTechTestUITests;
				PRODUCT_NAME = "$(TARGET_NAME)";
				SWIFT_VERSION = 4.0;
				TARGETED_DEVICE_FAMILY = "1,2";
				TEST_TARGET_NAME = TouchSurgeryTechTest;
			};
			name = Debug;
		};
		22F63F5E2080E30B00482413 /* Release */ = {
			isa = XCBuildConfiguration;
			baseConfigurationReference = BE9150569186028F38F7D49F /* Pods-TouchSurgeryTechTestUITests.release.xcconfig */;
			buildSettings = {
				ALWAYS_EMBED_SWIFT_STANDARD_LIBRARIES = YES;
				CODE_SIGN_STYLE = Automatic;
				DEVELOPMENT_TEAM = 9B4L4655ZF;
				INFOPLIST_FILE = TouchSurgeryTechTestUITests/Info.plist;
				LD_RUNPATH_SEARCH_PATHS = (
					"$(inherited)",
					"@executable_path/Frameworks",
					"@loader_path/Frameworks",
				);
				PRODUCT_BUNDLE_IDENTIFIER = com.samwatts.TouchSurgeryTechTestUITests;
				PRODUCT_NAME = "$(TARGET_NAME)";
				SWIFT_VERSION = 4.0;
				TARGETED_DEVICE_FAMILY = "1,2";
				TEST_TARGET_NAME = TouchSurgeryTechTest;
			};
			name = Release;
		};
/* End XCBuildConfiguration section */

/* Begin XCConfigurationList section */
		22F63F292080E30800482413 /* Build configuration list for PBXProject "TouchSurgeryTechTest" */ = {
			isa = XCConfigurationList;
			buildConfigurations = (
				22F63F542080E30B00482413 /* Debug */,
				22F63F552080E30B00482413 /* Release */,
			);
			defaultConfigurationIsVisible = 0;
			defaultConfigurationName = Release;
		};
		22F63F562080E30B00482413 /* Build configuration list for PBXNativeTarget "TouchSurgeryTechTest" */ = {
			isa = XCConfigurationList;
			buildConfigurations = (
				22F63F572080E30B00482413 /* Debug */,
				22F63F582080E30B00482413 /* Release */,
			);
			defaultConfigurationIsVisible = 0;
			defaultConfigurationName = Release;
		};
		22F63F592080E30B00482413 /* Build configuration list for PBXNativeTarget "TouchSurgeryTechTestTests" */ = {
			isa = XCConfigurationList;
			buildConfigurations = (
				22F63F5A2080E30B00482413 /* Debug */,
				22F63F5B2080E30B00482413 /* Release */,
			);
			defaultConfigurationIsVisible = 0;
			defaultConfigurationName = Release;
		};
		22F63F5C2080E30B00482413 /* Build configuration list for PBXNativeTarget "TouchSurgeryTechTestUITests" */ = {
			isa = XCConfigurationList;
			buildConfigurations = (
				22F63F5D2080E30B00482413 /* Debug */,
				22F63F5E2080E30B00482413 /* Release */,
			);
			defaultConfigurationIsVisible = 0;
			defaultConfigurationName = Release;
		};
/* End XCConfigurationList section */
	};
	rootObject = 22F63F262080E30800482413 /* Project object */;
}
